
Microsoft Visual Studio Solution File, Format Version 12.00
# Visual Studio Version 17
VisualStudioVersion = 17.5.33530.505
MinimumVisualStudioVersion = 10.0.40219.1
Project("{9A19103F-16F7-4668-BE54-9A1E7A4F7556}") = "StromAPI", "StromAPI.csproj", "{E4C0345E-F2BA-4670-9677-3834EA8FAD53}"
EndProject
Global
	GlobalSection(SolutionConfigurationPlatforms) = preSolution
		Debug|Any CPU = Debug|Any CPU
		Release|Any CPU = Release|Any CPU
	EndGlobalSection
	GlobalSection(ProjectConfigurationPlatforms) = postSolution
		{E4C0345E-F2BA-4670-9677-3834EA8FAD53}.Debug|Any CPU.ActiveCfg = Debug|Any CPU
		{E4C0345E-F2BA-4670-9677-3834EA8FAD53}.Debug|Any CPU.Build.0 = Debug|Any CPU
		{E4C0345E-F2BA-4670-9677-3834EA8FAD53}.Release|Any CPU.ActiveCfg = Release|Any CPU
		{E4C0345E-F2BA-4670-9677-3834EA8FAD53}.Release|Any CPU.Build.0 = Release|Any CPU
	EndGlobalSection
	GlobalSection(SolutionProperties) = preSolution
		HideSolutionNode = FALSE
	EndGlobalSection
	GlobalSection(ExtensibilityGlobals) = postSolution
		SolutionGuid = {784BB4DA-5AFB-4574-BD37-A0F9F11336E4}
	EndGlobalSection
EndGlobal
